
Microsoft Visual Studio Solution File, Format Version 12.00
# Visual Studio 15
VisualStudioVersion = 15.0.28307.102
MinimumVisualStudioVersion = 10.0.40219.1
Project("{FAE04EC0-301F-11D3-BF4B-00C04F79EFBC}") = "SHL", "SHL\SHL.csproj", "{07566D58-DAFD-4C7F-8C9A-639C5EBB7F0B}"
EndProject
Global
	GlobalSection(SolutionConfigurationPlatforms) = preSolution
		Debug|Any CPU = Debug|Any CPU
		Release|Any CPU = Release|Any CPU
	EndGlobalSection
	GlobalSection(ProjectConfigurationPlatforms) = postSolution
		{07566D58-DAFD-4C7F-8C9A-639C5EBB7F0B}.Debug|Any CPU.ActiveCfg = Debug|Any CPU
		{07566D58-DAFD-4C7F-8C9A-639C5EBB7F0B}.Debug|Any CPU.Build.0 = Debug|Any CPU
		{07566D58-DAFD-4C7F-8C9A-639C5EBB7F0B}.Release|Any CPU.ActiveCfg = Release|Any CPU
		{07566D58-DAFD-4C7F-8C9A-639C5EBB7F0B}.Release|Any CPU.Build.0 = Release|Any CPU
	EndGlobalSection
	GlobalSection(SolutionProperties) = preSolution
		HideSolutionNode = FALSE
	EndGlobalSection
	GlobalSection(ExtensibilityGlobals) = postSolution
		SolutionGuid = {70E3621B-FEB3-42F4-9A4E-92929B862D41}
	EndGlobalSection
EndGlobal
